
Microsoft Visual Studio Solution File, Format Version 12.00
# Visual Studio Version 17
VisualStudioVersion = 17.14.36623.8
MinimumVisualStudioVersion = 10.0.40219.1
Project("{2150E333-8FDC-42A3-9474-1A3956D46DE8}") = "Chapter00", "Chapter00", "{DDB4EF12-CC4E-5E88-E6FC-71A802F4DE97}"
EndProject
Project("{FAE04EC0-301F-11D3-BF4B-00C04F79EFBC}") = "Sample0416", "Chapter00\Sample0416\Sample0416.csproj", "{4F9A9AE7-A51A-4ADB-AC71-629929790BE7}"
EndProject
Project("{FAE04EC0-301F-11D3-BF4B-00C04F79EFBC}") = "Sample0415", "Chapter00\Sample0415\Sample0415\Sample0415.csproj", "{D0F00D84-AD20-C5D6-67FE-85D6CB59A7CE}"
EndProject
Project("{FAE04EC0-301F-11D3-BF4B-00C04F79EFBC}") = "Sample0413", "Chapter00\Sample0413\Sample0413\Sample0413.csproj", "{EB11C1AF-3BBE-9D8B-B13B-CEF382F22312}"
EndProject
Project("{2150E333-8FDC-42A3-9474-1A3956D46DE8}") = "Chapter01", "Chapter01", "{6102F3B6-19D3-490E-928C-09B28AF41616}"
EndProject
Project("{2150E333-8FDC-42A3-9474-1A3956D46DE8}") = "Chapter02", "Chapter02", "{808F99FF-7295-4D55-AB83-3AE200878F68}"
EndProject
Project("{2150E333-8FDC-42A3-9474-1A3956D46DE8}") = "距離換算プログラム", "距離換算プログラム", "{3710BAAF-D1AD-458E-8A21-6CC1BC3CF957}"
EndProject
Project("{FAE04EC0-301F-11D3-BF4B-00C04F79EFBC}") = "DistanceConverter", "Chapter02\距離換算プログラム\DistanceConverter\DistanceConverter.csproj", "{7AFAB48E-6662-4E3B-98E0-83529FC7E0C5}"
EndProject
Project("{2150E333-8FDC-42A3-9474-1A3956D46DE8}") = "Chapter04", "Chapter04", "{2E07A5C1-5AD1-469B-B7F3-C7A8CED4A4BD}"
EndProject
Project("{2150E333-8FDC-42A3-9474-1A3956D46DE8}") = "文字列を数値に変換する", "文字列を数値に変換する", "{467E60A5-23A6-4F79-88B2-6953EF8B3716}"
EndProject
Project("{FAE04EC0-301F-11D3-BF4B-00C04F79EFBC}") = "Code4_36", "Chapter04\文字列を数値に変換する\Code4_36\Code4_36.csproj", "{B4B7B1E4-017C-4347-AC60-8448692BE41E}"
EndProject
Project("{2150E333-8FDC-42A3-9474-1A3956D46DE8}") = "売上集計プログラム", "売上集計プログラム", "{23DC9A17-AEC2-4062-9C5D-B1EDBDAB7BEE}"
EndProject
Project("{FAE04EC0-301F-11D3-BF4B-00C04F79EFBC}") = "salesCalculator", "Chapter02\売り上げ集計プログラム\salesCalculator\salesCalculator.csproj", "{20FBF3B4-99E7-47A3-8240-62D2994AB00D}"
EndProject
Global
	GlobalSection(SolutionConfigurationPlatforms) = preSolution
		Debug|Any CPU = Debug|Any CPU
		Release|Any CPU = Release|Any CPU
	EndGlobalSection
	GlobalSection(ProjectConfigurationPlatforms) = postSolution
		{4F9A9AE7-A51A-4ADB-AC71-629929790BE7}.Debug|Any CPU.ActiveCfg = Debug|Any CPU
		{4F9A9AE7-A51A-4ADB-AC71-629929790BE7}.Debug|Any CPU.Build.0 = Debug|Any CPU
		{4F9A9AE7-A51A-4ADB-AC71-629929790BE7}.Release|Any CPU.ActiveCfg = Release|Any CPU
		{4F9A9AE7-A51A-4ADB-AC71-629929790BE7}.Release|Any CPU.Build.0 = Release|Any CPU
		{D0F00D84-AD20-C5D6-67FE-85D6CB59A7CE}.Debug|Any CPU.ActiveCfg = Debug|Any CPU
		{D0F00D84-AD20-C5D6-67FE-85D6CB59A7CE}.Debug|Any CPU.Build.0 = Debug|Any CPU
		{D0F00D84-AD20-C5D6-67FE-85D6CB59A7CE}.Release|Any CPU.ActiveCfg = Release|Any CPU
		{D0F00D84-AD20-C5D6-67FE-85D6CB59A7CE}.Release|Any CPU.Build.0 = Release|Any CPU
		{EB11C1AF-3BBE-9D8B-B13B-CEF382F22312}.Debug|Any CPU.ActiveCfg = Debug|Any CPU
		{EB11C1AF-3BBE-9D8B-B13B-CEF382F22312}.Debug|Any CPU.Build.0 = Debug|Any CPU
		{EB11C1AF-3BBE-9D8B-B13B-CEF382F22312}.Release|Any CPU.ActiveCfg = Release|Any CPU
		{EB11C1AF-3BBE-9D8B-B13B-CEF382F22312}.Release|Any CPU.Build.0 = Release|Any CPU
		{7AFAB48E-6662-4E3B-98E0-83529FC7E0C5}.Debug|Any CPU.ActiveCfg = Debug|Any CPU
		{7AFAB48E-6662-4E3B-98E0-83529FC7E0C5}.Debug|Any CPU.Build.0 = Debug|Any CPU
		{7AFAB48E-6662-4E3B-98E0-83529FC7E0C5}.Release|Any CPU.ActiveCfg = Release|Any CPU
		{7AFAB48E-6662-4E3B-98E0-83529FC7E0C5}.Release|Any CPU.Build.0 = Release|Any CPU
		{B4B7B1E4-017C-4347-AC60-8448692BE41E}.Debug|Any CPU.ActiveCfg = Debug|Any CPU
		{B4B7B1E4-017C-4347-AC60-8448692BE41E}.Debug|Any CPU.Build.0 = Debug|Any CPU
		{B4B7B1E4-017C-4347-AC60-8448692BE41E}.Release|Any CPU.ActiveCfg = Release|Any CPU
		{B4B7B1E4-017C-4347-AC60-8448692BE41E}.Release|Any CPU.Build.0 = Release|Any CPU
		{20FBF3B4-99E7-47A3-8240-62D2994AB00D}.Debug|Any CPU.ActiveCfg = Debug|Any CPU
		{20FBF3B4-99E7-47A3-8240-62D2994AB00D}.Debug|Any CPU.Build.0 = Debug|Any CPU
		{20FBF3B4-99E7-47A3-8240-62D2994AB00D}.Release|Any CPU.ActiveCfg = Release|Any CPU
		{20FBF3B4-99E7-47A3-8240-62D2994AB00D}.Release|Any CPU.Build.0 = Release|Any CPU
	EndGlobalSection
	GlobalSection(SolutionProperties) = preSolution
		HideSolutionNode = FALSE
	EndGlobalSection
	GlobalSection(NestedProjects) = preSolution
		{4F9A9AE7-A51A-4ADB-AC71-629929790BE7} = {DDB4EF12-CC4E-5E88-E6FC-71A802F4DE97}
		{D0F00D84-AD20-C5D6-67FE-85D6CB59A7CE} = {DDB4EF12-CC4E-5E88-E6FC-71A802F4DE97}
		{EB11C1AF-3BBE-9D8B-B13B-CEF382F22312} = {DDB4EF12-CC4E-5E88-E6FC-71A802F4DE97}
		{3710BAAF-D1AD-458E-8A21-6CC1BC3CF957} = {808F99FF-7295-4D55-AB83-3AE200878F68}
		{7AFAB48E-6662-4E3B-98E0-83529FC7E0C5} = {3710BAAF-D1AD-458E-8A21-6CC1BC3CF957}
		{467E60A5-23A6-4F79-88B2-6953EF8B3716} = {2E07A5C1-5AD1-469B-B7F3-C7A8CED4A4BD}
		{B4B7B1E4-017C-4347-AC60-8448692BE41E} = {467E60A5-23A6-4F79-88B2-6953EF8B3716}
		{23DC9A17-AEC2-4062-9C5D-B1EDBDAB7BEE} = {808F99FF-7295-4D55-AB83-3AE200878F68}
		{20FBF3B4-99E7-47A3-8240-62D2994AB00D} = {23DC9A17-AEC2-4062-9C5D-B1EDBDAB7BEE}
	EndGlobalSection
	GlobalSection(ExtensibilityGlobals) = postSolution
		SolutionGuid = {72B09A61-4CBA-453F-87E3-E25551246581}
	EndGlobalSection
EndGlobal
