
Microsoft Visual Studio Solution File, Format Version 12.00
# Visual Studio Version 17
VisualStudioVersion = 17.14.36623.8
MinimumVisualStudioVersion = 10.0.40219.1
Project("{2150E333-8FDC-42A3-9474-1A3956D46DE8}") = "Chapter00", "Chapter00", "{DDB4EF12-CC4E-5E88-E6FC-71A802F4DE97}"
EndProject
Project("{FAE04EC0-301F-11D3-BF4B-00C04F79EFBC}") = "Sample0416", "Chapter00\Sample0416\Sample0416.csproj", "{4F9A9AE7-A51A-4ADB-AC71-629929790BE7}"
EndProject
Project("{FAE04EC0-301F-11D3-BF4B-00C04F79EFBC}") = "Sample0415", "Chapter00\Sample0415\Sample0415\Sample0415.csproj", "{D0F00D84-AD20-C5D6-67FE-85D6CB59A7CE}"
EndProject
Project("{FAE04EC0-301F-11D3-BF4B-00C04F79EFBC}") = "Sample0413", "Chapter00\Sample0413\Sample0413\Sample0413.csproj", "{EB11C1AF-3BBE-9D8B-B13B-CEF382F22312}"
EndProject
Project("{2150E333-8FDC-42A3-9474-1A3956D46DE8}") = "Chapter01", "Chapter01", "{6102F3B6-19D3-490E-928C-09B28AF41616}"
EndProject
Project("{2150E333-8FDC-42A3-9474-1A3956D46DE8}") = "Chapter02", "Chapter02", "{808F99FF-7295-4D55-AB83-3AE200878F68}"
EndProject
Project("{2150E333-8FDC-42A3-9474-1A3956D46DE8}") = "距離換算プログラム", "距離換算プログラム", "{3710BAAF-D1AD-458E-8A21-6CC1BC3CF957}"
EndProject
Project("{FAE04EC0-301F-11D3-BF4B-00C04F79EFBC}") = "DistanceConverter", "Chapter02\距離換算プログラム\DistanceConverter\DistanceConverter.csproj", "{7AFAB48E-6662-4E3B-98E0-83529FC7E0C5}"
EndProject
Project("{2150E333-8FDC-42A3-9474-1A3956D46DE8}") = "Chapter04", "Chapter04", "{2E07A5C1-5AD1-469B-B7F3-C7A8CED4A4BD}"
EndProject
Project("{2150E333-8FDC-42A3-9474-1A3956D46DE8}") = "文字列を数値に変換する", "文字列を数値に変換する", "{467E60A5-23A6-4F79-88B2-6953EF8B3716}"
EndProject
Project("{FAE04EC0-301F-11D3-BF4B-00C04F79EFBC}") = "Code4_36", "Chapter04\文字列を数値に変換する\Code4_36\Code4_36.csproj", "{B4B7B1E4-017C-4347-AC60-8448692BE41E}"
EndProject
Project("{2150E333-8FDC-42A3-9474-1A3956D46DE8}") = "売上集計プログラム", "売上集計プログラム", "{23DC9A17-AEC2-4062-9C5D-B1EDBDAB7BEE}"
EndProject
Project("{FAE04EC0-301F-11D3-BF4B-00C04F79EFBC}") = "salesCalculator", "Chapter02\売り上げ集計プログラム\salesCalculator\salesCalculator.csproj", "{20FBF3B4-99E7-47A3-8240-62D2994AB00D}"
EndProject
Project("{2150E333-8FDC-42A3-9474-1A3956D46DE8}") = "演習問題", "演習問題", "{961A0EB1-D492-4901-9D75-777AD9BA3B0F}"
EndProject
Project("{FAE04EC0-301F-11D3-BF4B-00C04F79EFBC}") = "Exercize01", "Chapter02\演習問題\Exercize01\Exercize01.csproj", "{11052FC4-1F4A-4FF5-96C8-F5908301F8AD}"
EndProject
Project("{FAE04EC0-301F-11D3-BF4B-00C04F79EFBC}") = "Exercize02", "Chapter02\演習問題\Exercize02\Exercize02\Exercize02.csproj", "{4EA36D45-B698-4642-8B40-2C0B722072E0}"
EndProject
Project("{2150E333-8FDC-42A3-9474-1A3956D46DE8}") = "Chapter03", "Chapter03", "{6B5CE225-A141-49E2-A322-453783E31905}"
EndProject
Project("{2150E333-8FDC-42A3-9474-1A3956D46DE8}") = "ラムダ式とLINQ", "ラムダ式とLINQ", "{74AF3438-6556-45BB-8313-33D5EB6A0E33}"
EndProject
Project("{FAE04EC0-301F-11D3-BF4B-00C04F79EFBC}") = "Section01", "Chapter03\ラムダ式とLINQ\Section01\Section01.csproj", "{BB2289F2-6E11-420B-9028-E2E0513EFBD2}"
EndProject
Project("{FAE04EC0-301F-11D3-BF4B-00C04F79EFBC}") = "Section04", "Chapter03\ラムダ式とLINQ\Section04\Section04.csproj", "{0D848232-246F-4A97-8405-1246FAACAC7A}"
EndProject
Project("{2150E333-8FDC-42A3-9474-1A3956D46DE8}") = "演習問題", "演習問題", "{08152E5E-C87A-4D06-982D-A3308478A7AA}"
EndProject
Project("{FAE04EC0-301F-11D3-BF4B-00C04F79EFBC}") = "Exercise01", "Chapter03\演習問題\Exercise01\Exercise01.csproj", "{17C45E5F-BEE4-41B3-9332-EDD070A9B7DA}"
EndProject
Project("{FAE04EC0-301F-11D3-BF4B-00C04F79EFBC}") = "Exercise02", "Chapter03\演習問題\Exercise02\Exercise02.csproj", "{9661600F-9E2E-EC39-AFA2-64DBC15CE967}"
EndProject
Project("{2150E333-8FDC-42A3-9474-1A3956D46DE8}") = "p098_nullに関するイディオム", "p098_nullに関するイディオム", "{C922C288-7BC5-4543-8CB9-B7B2844C507F}"
EndProject
Project("{FAE04EC0-301F-11D3-BF4B-00C04F79EFBC}") = "Section04", "Chapter04\nullに関するイディオム\Section04\Section04.csproj", "{3093480A-8489-421C-8721-28BE9B35AA8B}"
EndProject
Project("{2150E333-8FDC-42A3-9474-1A3956D46DE8}") = "演習問題", "演習問題", "{AD2174C1-C8BF-4FB8-9373-625DDA761FA8}"
EndProject
Project("{FAE04EC0-301F-11D3-BF4B-00C04F79EFBC}") = "Exercise01", "Chapter04\演習問題\exercise01\Exercise01.csproj", "{B8660D2F-C57A-4B76-B419-B76805550BBA}"
EndProject
Project("{FAE04EC0-301F-11D3-BF4B-00C04F79EFBC}") = "Exersice02", "Chapter04\演習問題\exercise02\Exersice02.csproj", "{C1D63E63-E64B-FCB7-4276-5EBCB0FEC291}"
EndProject
Project("{2150E333-8FDC-42A3-9474-1A3956D46DE8}") = "Chapter05", "Chapter05", "{68AC08BA-6C98-4E6D-873A-80AD6AFDB8BA}"
EndProject
Project("{2150E333-8FDC-42A3-9474-1A3956D46DE8}") = "メソッドに関するイディオム", "メソッドに関するイディオム", "{B1D0EB71-220C-4C05-B6BC-CBCB5EC134CE}"
EndProject
Project("{FAE04EC0-301F-11D3-BF4B-00C04F79EFBC}") = "Section02", "Chapter05\Section02\Section02.csproj", "{711B05AC-B133-43EB-B78B-E9E7E0AD3A13}"
EndProject
Project("{2150E333-8FDC-42A3-9474-1A3956D46DE8}") = "演習問題", "演習問題", "{947C6724-36F5-410E-8A52-D7F8351ACCBE}"
EndProject
Project("{FAE04EC0-301F-11D3-BF4B-00C04F79EFBC}") = "Exercise01", "Chapter05\演習問題\Exercise01\Exercise01.csproj", "{B0243809-FD90-43B3-B243-37580805533C}"
EndProject
Project("{FAE04EC0-301F-11D3-BF4B-00C04F79EFBC}") = "Exercise02", "Chapter05\演習問題\Exercise02\Exercise02.csproj", "{A3ACA33D-6226-7668-2993-2FC9EA8C783B}"
EndProject
Project("{FAE04EC0-301F-11D3-BF4B-00C04F79EFBC}") = "Exercise03", "Chapter05\演習問題\Exercise03\Exercise03.csproj", "{E0D3EFD2-9C82-4015-9639-86C097E16348}"
EndProject
Project("{2150E333-8FDC-42A3-9474-1A3956D46DE8}") = "Chapter06", "Chapter06", "{5CA3DC4A-BB69-4124-8826-0BD178E2B754}"
EndProject
Project("{2150E333-8FDC-42A3-9474-1A3956D46DE8}") = "文字列の比較", "文字列の比較", "{A3FEF4EF-2AD5-4E90-BC99-8BE934F27601}"
EndProject
Project("{FAE04EC0-301F-11D3-BF4B-00C04F79EFBC}") = "Section01", "Chapter06\文字列の比較\Section01\Section01.csproj", "{75974694-B173-4545-BED9-5D94A2A82614}"
EndProject
Project("{2150E333-8FDC-42A3-9474-1A3956D46DE8}") = "演習問題", "演習問題", "{6E9BBD25-5B42-44AA-879D-6ECB0F5E567D}"
EndProject
Project("{FAE04EC0-301F-11D3-BF4B-00C04F79EFBC}") = "Exercise01", "Chapter06\演習問題\Exercise01\Exercise01.csproj", "{8349D3B4-02F3-4030-A68E-91609301E34B}"
EndProject
Project("{FAE04EC0-301F-11D3-BF4B-00C04F79EFBC}") = "Exercise02", "Chapter06\演習問題\Exercise02\Exercise02\Exercise02.csproj", "{0406364E-F311-43B9-BC2E-50C8B0941C08}"
EndProject
Project("{FAE04EC0-301F-11D3-BF4B-00C04F79EFBC}") = "Exercise03", "Chapter06\演習問題\Exercise03\Exercise03.csproj", "{766DC129-B7E6-6BE5-67FF-02794A6C9D6A}"
EndProject
Project("{2150E333-8FDC-42A3-9474-1A3956D46DE8}") = "文字列の連結と分割", "文字列の連結と分割", "{CB6A4294-2CE7-44D2-809A-A988E384D284}"
EndProject
Project("{FAE04EC0-301F-11D3-BF4B-00C04F79EFBC}") = "Section05", "Chapter06\文字列の連結と結合\Section05\Section05.csproj", "{BAAA4288-19AF-41DF-9C8A-DF0F1BCB670A}"
EndProject
Project("{FAE04EC0-301F-11D3-BF4B-00C04F79EFBC}") = "Exercise04", "Chapter05\演習問題\Exercise04\Exercise04.csproj", "{FC03C66F-973B-CE71-6953-5F1A2217A872}"
EndProject
Project("{2150E333-8FDC-42A3-9474-1A3956D46DE8}") = "Chapter07", "Chapter07", "{7BE1B869-D2E9-4307-A510-49210A2F4E08}"
EndProject
Project("{2150E333-8FDC-42A3-9474-1A3956D46DE8}") = "演習問題", "演習問題", "{288A50A0-294E-46DF-AFDF-67C2A3B43295}"
EndProject
Project("{FAE04EC0-301F-11D3-BF4B-00C04F79EFBC}") = "Section01", "Chapter07\Section01\Section01.csproj", "{1CB7BF46-F57B-4A4A-8676-AD0173B06F45}"
EndProject
Global
	GlobalSection(SolutionConfigurationPlatforms) = preSolution
		Debug|Any CPU = Debug|Any CPU
		Release|Any CPU = Release|Any CPU
	EndGlobalSection
	GlobalSection(ProjectConfigurationPlatforms) = postSolution
		{4F9A9AE7-A51A-4ADB-AC71-629929790BE7}.Debug|Any CPU.ActiveCfg = Debug|Any CPU
		{4F9A9AE7-A51A-4ADB-AC71-629929790BE7}.Debug|Any CPU.Build.0 = Debug|Any CPU
		{4F9A9AE7-A51A-4ADB-AC71-629929790BE7}.Release|Any CPU.ActiveCfg = Release|Any CPU
		{4F9A9AE7-A51A-4ADB-AC71-629929790BE7}.Release|Any CPU.Build.0 = Release|Any CPU
		{D0F00D84-AD20-C5D6-67FE-85D6CB59A7CE}.Debug|Any CPU.ActiveCfg = Debug|Any CPU
		{D0F00D84-AD20-C5D6-67FE-85D6CB59A7CE}.Debug|Any CPU.Build.0 = Debug|Any CPU
		{D0F00D84-AD20-C5D6-67FE-85D6CB59A7CE}.Release|Any CPU.ActiveCfg = Release|Any CPU
		{D0F00D84-AD20-C5D6-67FE-85D6CB59A7CE}.Release|Any CPU.Build.0 = Release|Any CPU
		{EB11C1AF-3BBE-9D8B-B13B-CEF382F22312}.Debug|Any CPU.ActiveCfg = Debug|Any CPU
		{EB11C1AF-3BBE-9D8B-B13B-CEF382F22312}.Debug|Any CPU.Build.0 = Debug|Any CPU
		{EB11C1AF-3BBE-9D8B-B13B-CEF382F22312}.Release|Any CPU.ActiveCfg = Release|Any CPU
		{EB11C1AF-3BBE-9D8B-B13B-CEF382F22312}.Release|Any CPU.Build.0 = Release|Any CPU
		{7AFAB48E-6662-4E3B-98E0-83529FC7E0C5}.Debug|Any CPU.ActiveCfg = Debug|Any CPU
		{7AFAB48E-6662-4E3B-98E0-83529FC7E0C5}.Debug|Any CPU.Build.0 = Debug|Any CPU
		{7AFAB48E-6662-4E3B-98E0-83529FC7E0C5}.Release|Any CPU.ActiveCfg = Release|Any CPU
		{7AFAB48E-6662-4E3B-98E0-83529FC7E0C5}.Release|Any CPU.Build.0 = Release|Any CPU
		{B4B7B1E4-017C-4347-AC60-8448692BE41E}.Debug|Any CPU.ActiveCfg = Debug|Any CPU
		{B4B7B1E4-017C-4347-AC60-8448692BE41E}.Debug|Any CPU.Build.0 = Debug|Any CPU
		{B4B7B1E4-017C-4347-AC60-8448692BE41E}.Release|Any CPU.ActiveCfg = Release|Any CPU
		{B4B7B1E4-017C-4347-AC60-8448692BE41E}.Release|Any CPU.Build.0 = Release|Any CPU
		{20FBF3B4-99E7-47A3-8240-62D2994AB00D}.Debug|Any CPU.ActiveCfg = Debug|Any CPU
		{20FBF3B4-99E7-47A3-8240-62D2994AB00D}.Debug|Any CPU.Build.0 = Debug|Any CPU
		{20FBF3B4-99E7-47A3-8240-62D2994AB00D}.Release|Any CPU.ActiveCfg = Release|Any CPU
		{20FBF3B4-99E7-47A3-8240-62D2994AB00D}.Release|Any CPU.Build.0 = Release|Any CPU
		{11052FC4-1F4A-4FF5-96C8-F5908301F8AD}.Debug|Any CPU.ActiveCfg = Debug|Any CPU
		{11052FC4-1F4A-4FF5-96C8-F5908301F8AD}.Debug|Any CPU.Build.0 = Debug|Any CPU
		{11052FC4-1F4A-4FF5-96C8-F5908301F8AD}.Release|Any CPU.ActiveCfg = Release|Any CPU
		{11052FC4-1F4A-4FF5-96C8-F5908301F8AD}.Release|Any CPU.Build.0 = Release|Any CPU
		{4EA36D45-B698-4642-8B40-2C0B722072E0}.Debug|Any CPU.ActiveCfg = Debug|Any CPU
		{4EA36D45-B698-4642-8B40-2C0B722072E0}.Debug|Any CPU.Build.0 = Debug|Any CPU
		{4EA36D45-B698-4642-8B40-2C0B722072E0}.Release|Any CPU.ActiveCfg = Release|Any CPU
		{4EA36D45-B698-4642-8B40-2C0B722072E0}.Release|Any CPU.Build.0 = Release|Any CPU
		{BB2289F2-6E11-420B-9028-E2E0513EFBD2}.Debug|Any CPU.ActiveCfg = Debug|Any CPU
		{BB2289F2-6E11-420B-9028-E2E0513EFBD2}.Debug|Any CPU.Build.0 = Debug|Any CPU
		{BB2289F2-6E11-420B-9028-E2E0513EFBD2}.Release|Any CPU.ActiveCfg = Release|Any CPU
		{BB2289F2-6E11-420B-9028-E2E0513EFBD2}.Release|Any CPU.Build.0 = Release|Any CPU
		{0D848232-246F-4A97-8405-1246FAACAC7A}.Debug|Any CPU.ActiveCfg = Debug|Any CPU
		{0D848232-246F-4A97-8405-1246FAACAC7A}.Debug|Any CPU.Build.0 = Debug|Any CPU
		{0D848232-246F-4A97-8405-1246FAACAC7A}.Release|Any CPU.ActiveCfg = Release|Any CPU
		{0D848232-246F-4A97-8405-1246FAACAC7A}.Release|Any CPU.Build.0 = Release|Any CPU
		{17C45E5F-BEE4-41B3-9332-EDD070A9B7DA}.Debug|Any CPU.ActiveCfg = Debug|Any CPU
		{17C45E5F-BEE4-41B3-9332-EDD070A9B7DA}.Debug|Any CPU.Build.0 = Debug|Any CPU
		{17C45E5F-BEE4-41B3-9332-EDD070A9B7DA}.Release|Any CPU.ActiveCfg = Release|Any CPU
		{17C45E5F-BEE4-41B3-9332-EDD070A9B7DA}.Release|Any CPU.Build.0 = Release|Any CPU
		{9661600F-9E2E-EC39-AFA2-64DBC15CE967}.Debug|Any CPU.ActiveCfg = Debug|Any CPU
		{9661600F-9E2E-EC39-AFA2-64DBC15CE967}.Debug|Any CPU.Build.0 = Debug|Any CPU
		{9661600F-9E2E-EC39-AFA2-64DBC15CE967}.Release|Any CPU.ActiveCfg = Release|Any CPU
		{9661600F-9E2E-EC39-AFA2-64DBC15CE967}.Release|Any CPU.Build.0 = Release|Any CPU
		{3093480A-8489-421C-8721-28BE9B35AA8B}.Debug|Any CPU.ActiveCfg = Debug|Any CPU
		{3093480A-8489-421C-8721-28BE9B35AA8B}.Debug|Any CPU.Build.0 = Debug|Any CPU
		{3093480A-8489-421C-8721-28BE9B35AA8B}.Release|Any CPU.ActiveCfg = Release|Any CPU
		{3093480A-8489-421C-8721-28BE9B35AA8B}.Release|Any CPU.Build.0 = Release|Any CPU
		{B8660D2F-C57A-4B76-B419-B76805550BBA}.Debug|Any CPU.ActiveCfg = Debug|Any CPU
		{B8660D2F-C57A-4B76-B419-B76805550BBA}.Debug|Any CPU.Build.0 = Debug|Any CPU
		{B8660D2F-C57A-4B76-B419-B76805550BBA}.Release|Any CPU.ActiveCfg = Release|Any CPU
		{B8660D2F-C57A-4B76-B419-B76805550BBA}.Release|Any CPU.Build.0 = Release|Any CPU
		{C1D63E63-E64B-FCB7-4276-5EBCB0FEC291}.Debug|Any CPU.ActiveCfg = Debug|Any CPU
		{C1D63E63-E64B-FCB7-4276-5EBCB0FEC291}.Debug|Any CPU.Build.0 = Debug|Any CPU
		{C1D63E63-E64B-FCB7-4276-5EBCB0FEC291}.Release|Any CPU.ActiveCfg = Release|Any CPU
		{C1D63E63-E64B-FCB7-4276-5EBCB0FEC291}.Release|Any CPU.Build.0 = Release|Any CPU
		{711B05AC-B133-43EB-B78B-E9E7E0AD3A13}.Debug|Any CPU.ActiveCfg = Debug|Any CPU
		{711B05AC-B133-43EB-B78B-E9E7E0AD3A13}.Debug|Any CPU.Build.0 = Debug|Any CPU
		{711B05AC-B133-43EB-B78B-E9E7E0AD3A13}.Release|Any CPU.ActiveCfg = Release|Any CPU
		{711B05AC-B133-43EB-B78B-E9E7E0AD3A13}.Release|Any CPU.Build.0 = Release|Any CPU
		{B0243809-FD90-43B3-B243-37580805533C}.Debug|Any CPU.ActiveCfg = Debug|Any CPU
		{B0243809-FD90-43B3-B243-37580805533C}.Debug|Any CPU.Build.0 = Debug|Any CPU
		{B0243809-FD90-43B3-B243-37580805533C}.Release|Any CPU.ActiveCfg = Release|Any CPU
		{B0243809-FD90-43B3-B243-37580805533C}.Release|Any CPU.Build.0 = Release|Any CPU
		{A3ACA33D-6226-7668-2993-2FC9EA8C783B}.Debug|Any CPU.ActiveCfg = Debug|Any CPU
		{A3ACA33D-6226-7668-2993-2FC9EA8C783B}.Debug|Any CPU.Build.0 = Debug|Any CPU
		{A3ACA33D-6226-7668-2993-2FC9EA8C783B}.Release|Any CPU.ActiveCfg = Release|Any CPU
		{A3ACA33D-6226-7668-2993-2FC9EA8C783B}.Release|Any CPU.Build.0 = Release|Any CPU
		{E0D3EFD2-9C82-4015-9639-86C097E16348}.Debug|Any CPU.ActiveCfg = Debug|Any CPU
		{E0D3EFD2-9C82-4015-9639-86C097E16348}.Debug|Any CPU.Build.0 = Debug|Any CPU
		{E0D3EFD2-9C82-4015-9639-86C097E16348}.Release|Any CPU.ActiveCfg = Release|Any CPU
		{E0D3EFD2-9C82-4015-9639-86C097E16348}.Release|Any CPU.Build.0 = Release|Any CPU
		{75974694-B173-4545-BED9-5D94A2A82614}.Debug|Any CPU.ActiveCfg = Debug|Any CPU
		{75974694-B173-4545-BED9-5D94A2A82614}.Debug|Any CPU.Build.0 = Debug|Any CPU
		{75974694-B173-4545-BED9-5D94A2A82614}.Release|Any CPU.ActiveCfg = Release|Any CPU
		{75974694-B173-4545-BED9-5D94A2A82614}.Release|Any CPU.Build.0 = Release|Any CPU
		{8349D3B4-02F3-4030-A68E-91609301E34B}.Debug|Any CPU.ActiveCfg = Debug|Any CPU
		{8349D3B4-02F3-4030-A68E-91609301E34B}.Debug|Any CPU.Build.0 = Debug|Any CPU
		{8349D3B4-02F3-4030-A68E-91609301E34B}.Release|Any CPU.ActiveCfg = Release|Any CPU
		{8349D3B4-02F3-4030-A68E-91609301E34B}.Release|Any CPU.Build.0 = Release|Any CPU
		{0406364E-F311-43B9-BC2E-50C8B0941C08}.Debug|Any CPU.ActiveCfg = Debug|Any CPU
		{0406364E-F311-43B9-BC2E-50C8B0941C08}.Debug|Any CPU.Build.0 = Debug|Any CPU
		{0406364E-F311-43B9-BC2E-50C8B0941C08}.Release|Any CPU.ActiveCfg = Release|Any CPU
		{0406364E-F311-43B9-BC2E-50C8B0941C08}.Release|Any CPU.Build.0 = Release|Any CPU
		{766DC129-B7E6-6BE5-67FF-02794A6C9D6A}.Debug|Any CPU.ActiveCfg = Debug|Any CPU
		{766DC129-B7E6-6BE5-67FF-02794A6C9D6A}.Debug|Any CPU.Build.0 = Debug|Any CPU
		{766DC129-B7E6-6BE5-67FF-02794A6C9D6A}.Release|Any CPU.ActiveCfg = Release|Any CPU
		{766DC129-B7E6-6BE5-67FF-02794A6C9D6A}.Release|Any CPU.Build.0 = Release|Any CPU
		{BAAA4288-19AF-41DF-9C8A-DF0F1BCB670A}.Debug|Any CPU.ActiveCfg = Debug|Any CPU
		{BAAA4288-19AF-41DF-9C8A-DF0F1BCB670A}.Debug|Any CPU.Build.0 = Debug|Any CPU
		{BAAA4288-19AF-41DF-9C8A-DF0F1BCB670A}.Release|Any CPU.ActiveCfg = Release|Any CPU
		{BAAA4288-19AF-41DF-9C8A-DF0F1BCB670A}.Release|Any CPU.Build.0 = Release|Any CPU
		{FC03C66F-973B-CE71-6953-5F1A2217A872}.Debug|Any CPU.ActiveCfg = Debug|Any CPU
		{FC03C66F-973B-CE71-6953-5F1A2217A872}.Debug|Any CPU.Build.0 = Debug|Any CPU
		{FC03C66F-973B-CE71-6953-5F1A2217A872}.Release|Any CPU.ActiveCfg = Release|Any CPU
		{FC03C66F-973B-CE71-6953-5F1A2217A872}.Release|Any CPU.Build.0 = Release|Any CPU
		{1CB7BF46-F57B-4A4A-8676-AD0173B06F45}.Debug|Any CPU.ActiveCfg = Debug|Any CPU
		{1CB7BF46-F57B-4A4A-8676-AD0173B06F45}.Debug|Any CPU.Build.0 = Debug|Any CPU
		{1CB7BF46-F57B-4A4A-8676-AD0173B06F45}.Release|Any CPU.ActiveCfg = Release|Any CPU
		{1CB7BF46-F57B-4A4A-8676-AD0173B06F45}.Release|Any CPU.Build.0 = Release|Any CPU
	EndGlobalSection
	GlobalSection(SolutionProperties) = preSolution
		HideSolutionNode = FALSE
	EndGlobalSection
	GlobalSection(NestedProjects) = preSolution
		{4F9A9AE7-A51A-4ADB-AC71-629929790BE7} = {DDB4EF12-CC4E-5E88-E6FC-71A802F4DE97}
		{D0F00D84-AD20-C5D6-67FE-85D6CB59A7CE} = {DDB4EF12-CC4E-5E88-E6FC-71A802F4DE97}
		{EB11C1AF-3BBE-9D8B-B13B-CEF382F22312} = {DDB4EF12-CC4E-5E88-E6FC-71A802F4DE97}
		{3710BAAF-D1AD-458E-8A21-6CC1BC3CF957} = {808F99FF-7295-4D55-AB83-3AE200878F68}
		{7AFAB48E-6662-4E3B-98E0-83529FC7E0C5} = {3710BAAF-D1AD-458E-8A21-6CC1BC3CF957}
		{467E60A5-23A6-4F79-88B2-6953EF8B3716} = {6E9BBD25-5B42-44AA-879D-6ECB0F5E567D}
		{B4B7B1E4-017C-4347-AC60-8448692BE41E} = {2E07A5C1-5AD1-469B-B7F3-C7A8CED4A4BD}
		{23DC9A17-AEC2-4062-9C5D-B1EDBDAB7BEE} = {808F99FF-7295-4D55-AB83-3AE200878F68}
		{20FBF3B4-99E7-47A3-8240-62D2994AB00D} = {23DC9A17-AEC2-4062-9C5D-B1EDBDAB7BEE}
		{961A0EB1-D492-4901-9D75-777AD9BA3B0F} = {808F99FF-7295-4D55-AB83-3AE200878F68}
		{11052FC4-1F4A-4FF5-96C8-F5908301F8AD} = {961A0EB1-D492-4901-9D75-777AD9BA3B0F}
		{4EA36D45-B698-4642-8B40-2C0B722072E0} = {961A0EB1-D492-4901-9D75-777AD9BA3B0F}
		{74AF3438-6556-45BB-8313-33D5EB6A0E33} = {6B5CE225-A141-49E2-A322-453783E31905}
		{BB2289F2-6E11-420B-9028-E2E0513EFBD2} = {74AF3438-6556-45BB-8313-33D5EB6A0E33}
		{0D848232-246F-4A97-8405-1246FAACAC7A} = {74AF3438-6556-45BB-8313-33D5EB6A0E33}
		{08152E5E-C87A-4D06-982D-A3308478A7AA} = {6B5CE225-A141-49E2-A322-453783E31905}
		{17C45E5F-BEE4-41B3-9332-EDD070A9B7DA} = {08152E5E-C87A-4D06-982D-A3308478A7AA}
		{9661600F-9E2E-EC39-AFA2-64DBC15CE967} = {08152E5E-C87A-4D06-982D-A3308478A7AA}
		{C922C288-7BC5-4543-8CB9-B7B2844C507F} = {2E07A5C1-5AD1-469B-B7F3-C7A8CED4A4BD}
		{3093480A-8489-421C-8721-28BE9B35AA8B} = {C922C288-7BC5-4543-8CB9-B7B2844C507F}
		{AD2174C1-C8BF-4FB8-9373-625DDA761FA8} = {2E07A5C1-5AD1-469B-B7F3-C7A8CED4A4BD}
		{B8660D2F-C57A-4B76-B419-B76805550BBA} = {AD2174C1-C8BF-4FB8-9373-625DDA761FA8}
		{C1D63E63-E64B-FCB7-4276-5EBCB0FEC291} = {AD2174C1-C8BF-4FB8-9373-625DDA761FA8}
		{B1D0EB71-220C-4C05-B6BC-CBCB5EC134CE} = {68AC08BA-6C98-4E6D-873A-80AD6AFDB8BA}
		{711B05AC-B133-43EB-B78B-E9E7E0AD3A13} = {B1D0EB71-220C-4C05-B6BC-CBCB5EC134CE}
		{947C6724-36F5-410E-8A52-D7F8351ACCBE} = {68AC08BA-6C98-4E6D-873A-80AD6AFDB8BA}
		{B0243809-FD90-43B3-B243-37580805533C} = {947C6724-36F5-410E-8A52-D7F8351ACCBE}
		{A3ACA33D-6226-7668-2993-2FC9EA8C783B} = {947C6724-36F5-410E-8A52-D7F8351ACCBE}
		{E0D3EFD2-9C82-4015-9639-86C097E16348} = {947C6724-36F5-410E-8A52-D7F8351ACCBE}
		{A3FEF4EF-2AD5-4E90-BC99-8BE934F27601} = {5CA3DC4A-BB69-4124-8826-0BD178E2B754}
		{75974694-B173-4545-BED9-5D94A2A82614} = {A3FEF4EF-2AD5-4E90-BC99-8BE934F27601}
		{6E9BBD25-5B42-44AA-879D-6ECB0F5E567D} = {5CA3DC4A-BB69-4124-8826-0BD178E2B754}
		{8349D3B4-02F3-4030-A68E-91609301E34B} = {6E9BBD25-5B42-44AA-879D-6ECB0F5E567D}
		{0406364E-F311-43B9-BC2E-50C8B0941C08} = {6E9BBD25-5B42-44AA-879D-6ECB0F5E567D}
		{766DC129-B7E6-6BE5-67FF-02794A6C9D6A} = {6E9BBD25-5B42-44AA-879D-6ECB0F5E567D}
		{CB6A4294-2CE7-44D2-809A-A988E384D284} = {5CA3DC4A-BB69-4124-8826-0BD178E2B754}
		{BAAA4288-19AF-41DF-9C8A-DF0F1BCB670A} = {CB6A4294-2CE7-44D2-809A-A988E384D284}
		{FC03C66F-973B-CE71-6953-5F1A2217A872} = {6E9BBD25-5B42-44AA-879D-6ECB0F5E567D}
		{288A50A0-294E-46DF-AFDF-67C2A3B43295} = {7BE1B869-D2E9-4307-A510-49210A2F4E08}
		{1CB7BF46-F57B-4A4A-8676-AD0173B06F45} = {7BE1B869-D2E9-4307-A510-49210A2F4E08}
	EndGlobalSection
	GlobalSection(ExtensibilityGlobals) = postSolution
		SolutionGuid = {72B09A61-4CBA-453F-87E3-E25551246581}
	EndGlobalSection
EndGlobal
