
Microsoft Visual Studio Solution File, Format Version 12.00
# Visual Studio Version 17
VisualStudioVersion = 17.14.36623.8 d17.14
MinimumVisualStudioVersion = 10.0.40219.1
Project("{FAE04EC0-301F-11D3-BF4B-00C04F79EFBC}") = "Sample0413", "Sample0413\Sample0413.csproj", "{1F861A9B-5A21-4C54-9B68-85C1876F94F9}"
EndProject
Global
	GlobalSection(SolutionConfigurationPlatforms) = preSolution
		Debug|Any CPU = Debug|Any CPU
		Release|Any CPU = Release|Any CPU
	EndGlobalSection
	GlobalSection(ProjectConfigurationPlatforms) = postSolution
		{1F861A9B-5A21-4C54-9B68-85C1876F94F9}.Debug|Any CPU.ActiveCfg = Debug|Any CPU
		{1F861A9B-5A21-4C54-9B68-85C1876F94F9}.Debug|Any CPU.Build.0 = Debug|Any CPU
		{1F861A9B-5A21-4C54-9B68-85C1876F94F9}.Release|Any CPU.ActiveCfg = Release|Any CPU
		{1F861A9B-5A21-4C54-9B68-85C1876F94F9}.Release|Any CPU.Build.0 = Release|Any CPU
	EndGlobalSection
	GlobalSection(SolutionProperties) = preSolution
		HideSolutionNode = FALSE
	EndGlobalSection
	GlobalSection(ExtensibilityGlobals) = postSolution
		SolutionGuid = {14931CE2-C99E-437D-8F86-8A700981FB30}
	EndGlobalSection
EndGlobal
